
Microsoft Visual Studio Solution File, Format Version 12.00
# Visual Studio Version 17
VisualStudioVersion = 17.13.35825.156 d17.13
MinimumVisualStudioVersion = 10.0.40219.1
Project("{FAE04EC0-301F-11D3-BF4B-00C04F79EFBC}") = "Gouveia-Michael-a3-project", "Gouveia-Michael-a3-project.csproj", "{18BC1CDB-7BF9-4BAE-AF3C-42548CCA9840}"
EndProject
Global
	GlobalSection(SolutionConfigurationPlatforms) = preSolution
		Debug|Any CPU = Debug|Any CPU
		Release|Any CPU = Release|Any CPU
	EndGlobalSection
	GlobalSection(ProjectConfigurationPlatforms) = postSolution
		{18BC1CDB-7BF9-4BAE-AF3C-42548CCA9840}.Debug|Any CPU.ActiveCfg = Debug|Any CPU
		{18BC1CDB-7BF9-4BAE-AF3C-42548CCA9840}.Debug|Any CPU.Build.0 = Debug|Any CPU
		{18BC1CDB-7BF9-4BAE-AF3C-42548CCA9840}.Release|Any CPU.ActiveCfg = Release|Any CPU
		{18BC1CDB-7BF9-4BAE-AF3C-42548CCA9840}.Release|Any CPU.Build.0 = Release|Any CPU
	EndGlobalSection
	GlobalSection(SolutionProperties) = preSolution
		HideSolutionNode = FALSE
	EndGlobalSection
	GlobalSection(ExtensibilityGlobals) = postSolution
		SolutionGuid = {F5B151D1-2E2F-411F-8D5F-364927175610}
	EndGlobalSection
EndGlobal
